
Microsoft Visual Studio Solution File, Format Version 12.00
# Visual Studio Version 16
VisualStudioVersion = 16.0.31424.327
MinimumVisualStudioVersion = 10.0.40219.1
Project("{FAE04EC0-301F-11D3-BF4B-00C04F79EFBC}") = "RestWithASPNETUdemy", "RestWithASPNETUdemy.csproj", "{0485B566-5B8D-487A-9721-812A57A09FD4}"
EndProject
Global
	GlobalSection(SolutionConfigurationPlatforms) = preSolution
		Debug|Any CPU = Debug|Any CPU
		Release|Any CPU = Release|Any CPU
	EndGlobalSection
	GlobalSection(ProjectConfigurationPlatforms) = postSolution
		{0485B566-5B8D-487A-9721-812A57A09FD4}.Debug|Any CPU.ActiveCfg = Debug|Any CPU
		{0485B566-5B8D-487A-9721-812A57A09FD4}.Debug|Any CPU.Build.0 = Debug|Any CPU
		{0485B566-5B8D-487A-9721-812A57A09FD4}.Release|Any CPU.ActiveCfg = Release|Any CPU
		{0485B566-5B8D-487A-9721-812A57A09FD4}.Release|Any CPU.Build.0 = Release|Any CPU
	EndGlobalSection
	GlobalSection(SolutionProperties) = preSolution
		HideSolutionNode = FALSE
	EndGlobalSection
	GlobalSection(ExtensibilityGlobals) = postSolution
		SolutionGuid = {D92C6AA0-1C48-42F4-8872-4473228E1782}
	EndGlobalSection
EndGlobal
